
Microsoft Visual Studio Solution File, Format Version 12.00
# Visual Studio Version 17
VisualStudioVersion = 17.13.35825.156 d17.13
MinimumVisualStudioVersion = 10.0.40219.1
Project("{FAE04EC0-301F-11D3-BF4B-00C04F79EFBC}") = "Calculator", "Calculator.csproj", "{9EEDC564-C54D-46AE-9807-E3F41AE9C2AD}"
EndProject
Global
	GlobalSection(SolutionConfigurationPlatforms) = preSolution
		Debug|Any CPU = Debug|Any CPU
		Release|Any CPU = Release|Any CPU
	EndGlobalSection
	GlobalSection(ProjectConfigurationPlatforms) = postSolution
		{9EEDC564-C54D-46AE-9807-E3F41AE9C2AD}.Debug|Any CPU.ActiveCfg = Debug|Any CPU
		{9EEDC564-C54D-46AE-9807-E3F41AE9C2AD}.Debug|Any CPU.Build.0 = Debug|Any CPU
		{9EEDC564-C54D-46AE-9807-E3F41AE9C2AD}.Release|Any CPU.ActiveCfg = Release|Any CPU
		{9EEDC564-C54D-46AE-9807-E3F41AE9C2AD}.Release|Any CPU.Build.0 = Release|Any CPU
	EndGlobalSection
	GlobalSection(SolutionProperties) = preSolution
		HideSolutionNode = FALSE
	EndGlobalSection
	GlobalSection(ExtensibilityGlobals) = postSolution
		SolutionGuid = {64277A79-188A-487B-A532-190C8CFFDE1C}
	EndGlobalSection
EndGlobal
